
Microsoft Visual Studio Solution File, Format Version 12.00
# Visual Studio Version 16
VisualStudioVersion = 16.0.29418.71
MinimumVisualStudioVersion = 10.0.40219.1
Project("{FAE04EC0-301F-11D3-BF4B-00C04F79EFBC}") = "DemoWeb", "DemoWeb.csproj", "{4B8B67EA-890B-4976-84A0-51FA24D4827F}"
EndProject
Global
	GlobalSection(SolutionConfigurationPlatforms) = preSolution
		Debug|Any CPU = Debug|Any CPU
		Release|Any CPU = Release|Any CPU
	EndGlobalSection
	GlobalSection(ProjectConfigurationPlatforms) = postSolution
		{4B8B67EA-890B-4976-84A0-51FA24D4827F}.Debug|Any CPU.ActiveCfg = Debug|Any CPU
		{4B8B67EA-890B-4976-84A0-51FA24D4827F}.Debug|Any CPU.Build.0 = Debug|Any CPU
		{4B8B67EA-890B-4976-84A0-51FA24D4827F}.Release|Any CPU.ActiveCfg = Release|Any CPU
		{4B8B67EA-890B-4976-84A0-51FA24D4827F}.Release|Any CPU.Build.0 = Release|Any CPU
	EndGlobalSection
	GlobalSection(SolutionProperties) = preSolution
		HideSolutionNode = FALSE
	EndGlobalSection
	GlobalSection(ExtensibilityGlobals) = postSolution
		SolutionGuid = {D76A955C-F6CF-4BF3-9AA9-0CE72F01757D}
	EndGlobalSection
EndGlobal
